
Microsoft Visual Studio Solution File, Format Version 12.00
# Visual Studio Version 16
VisualStudioVersion = 16.0.30204.135
MinimumVisualStudioVersion = 10.0.40219.1
Project("{FAE04EC0-301F-11D3-BF4B-00C04F79EFBC}") = "LYSL", "LYSL.csproj", "{F6B750ED-FABE-4079-8E69-C9DC3B9E1FB3}"
EndProject
Project("{FAE04EC0-301F-11D3-BF4B-00C04F79EFBC}") = "LYSL.Data", "..\LYSL.Data\LYSL.Data.csproj", "{74657F12-F991-4296-8B25-096E44A4FC94}"
EndProject
Global
	GlobalSection(SolutionConfigurationPlatforms) = preSolution
		Debug|Any CPU = Debug|Any CPU
		Release|Any CPU = Release|Any CPU
	EndGlobalSection
	GlobalSection(ProjectConfigurationPlatforms) = postSolution
		{F6B750ED-FABE-4079-8E69-C9DC3B9E1FB3}.Debug|Any CPU.ActiveCfg = Debug|Any CPU
		{F6B750ED-FABE-4079-8E69-C9DC3B9E1FB3}.Debug|Any CPU.Build.0 = Debug|Any CPU
		{F6B750ED-FABE-4079-8E69-C9DC3B9E1FB3}.Release|Any CPU.ActiveCfg = Release|Any CPU
		{F6B750ED-FABE-4079-8E69-C9DC3B9E1FB3}.Release|Any CPU.Build.0 = Release|Any CPU
		{74657F12-F991-4296-8B25-096E44A4FC94}.Debug|Any CPU.ActiveCfg = Debug|Any CPU
		{74657F12-F991-4296-8B25-096E44A4FC94}.Debug|Any CPU.Build.0 = Debug|Any CPU
		{74657F12-F991-4296-8B25-096E44A4FC94}.Release|Any CPU.ActiveCfg = Release|Any CPU
		{74657F12-F991-4296-8B25-096E44A4FC94}.Release|Any CPU.Build.0 = Release|Any CPU
	EndGlobalSection
	GlobalSection(SolutionProperties) = preSolution
		HideSolutionNode = FALSE
	EndGlobalSection
	GlobalSection(ExtensibilityGlobals) = postSolution
		SolutionGuid = {5D12963D-D19F-4086-848A-5475906208C4}
	EndGlobalSection
EndGlobal
