
Microsoft Visual Studio Solution File, Format Version 12.00
# Visual Studio Version 16
VisualStudioVersion = 16.0.30204.135
MinimumVisualStudioVersion = 10.0.40219.1
Project("{9A19103F-16F7-4668-BE54-9A1E7A4F7556}") = "LYSL.Data", "..\LYSL.Data\LYSL.Data.csproj", "{74657F12-F991-4296-8B25-096E44A4FC94}"
EndProject
Project("{9A19103F-16F7-4668-BE54-9A1E7A4F7556}") = "LYSL.Web", "LYSL.Web.csproj", "{A371E69D-D8EA-453B-BDDF-418D22CD75FD}"
EndProject
Project("{9A19103F-16F7-4668-BE54-9A1E7A4F7556}") = "LYSL.Services", "..\LYSL.Services\LYSL.Services.csproj", "{A419290D-2821-4EAE-89A2-D175BBFA4832}"
EndProject
Global
	GlobalSection(SolutionConfigurationPlatforms) = preSolution
		Debug|Any CPU = Debug|Any CPU
		Release|Any CPU = Release|Any CPU
	EndGlobalSection
	GlobalSection(ProjectConfigurationPlatforms) = postSolution
		{74657F12-F991-4296-8B25-096E44A4FC94}.Debug|Any CPU.ActiveCfg = Debug|Any CPU
		{74657F12-F991-4296-8B25-096E44A4FC94}.Debug|Any CPU.Build.0 = Debug|Any CPU
		{74657F12-F991-4296-8B25-096E44A4FC94}.Release|Any CPU.ActiveCfg = Release|Any CPU
		{74657F12-F991-4296-8B25-096E44A4FC94}.Release|Any CPU.Build.0 = Release|Any CPU
		{A371E69D-D8EA-453B-BDDF-418D22CD75FD}.Debug|Any CPU.ActiveCfg = Debug|Any CPU
		{A371E69D-D8EA-453B-BDDF-418D22CD75FD}.Debug|Any CPU.Build.0 = Debug|Any CPU
		{A371E69D-D8EA-453B-BDDF-418D22CD75FD}.Release|Any CPU.ActiveCfg = Release|Any CPU
		{A371E69D-D8EA-453B-BDDF-418D22CD75FD}.Release|Any CPU.Build.0 = Release|Any CPU
		{A419290D-2821-4EAE-89A2-D175BBFA4832}.Debug|Any CPU.ActiveCfg = Debug|Any CPU
		{A419290D-2821-4EAE-89A2-D175BBFA4832}.Debug|Any CPU.Build.0 = Debug|Any CPU
		{A419290D-2821-4EAE-89A2-D175BBFA4832}.Release|Any CPU.ActiveCfg = Release|Any CPU
		{A419290D-2821-4EAE-89A2-D175BBFA4832}.Release|Any CPU.Build.0 = Release|Any CPU
	EndGlobalSection
	GlobalSection(SolutionProperties) = preSolution
		HideSolutionNode = FALSE
	EndGlobalSection
	GlobalSection(ExtensibilityGlobals) = postSolution
		SolutionGuid = {5D12963D-D19F-4086-848A-5475906208C4}
	EndGlobalSection
EndGlobal
